// !$*UTF8*$!
{
	archiveVersion = 1;
	classes = {
	};
	objectVersion = 46;
	objects = {

/* Begin PBXBuildFile section */
		409920041B5FF06300D3951E /* AppDelegate.swift in Sources */ = {isa = PBXBuildFile; fileRef = 409920031B5FF06300D3951E /* AppDelegate.swift */; };
		409920061B5FF06300D3951E /* ViewController.swift in Sources */ = {isa = PBXBuildFile; fileRef = 409920051B5FF06300D3951E /* ViewController.swift */; };
		409920091B5FF06300D3951E /* Main.storyboard in Resources */ = {isa = PBXBuildFile; fileRef = 409920071B5FF06300D3951E /* Main.storyboard */; };
		4099200B1B5FF06300D3951E /* Images.xcassets in Resources */ = {isa = PBXBuildFile; fileRef = 4099200A1B5FF06300D3951E /* Images.xcassets */; };
		4099200E1B5FF06300D3951E /* LaunchScreen.xib in Resources */ = {isa = PBXBuildFile; fileRef = 4099200C1B5FF06300D3951E /* LaunchScreen.xib */; };
		4099201A1B5FF06300D3951E /* CalculatorTests.swift in Sources */ = {isa = PBXBuildFile; fileRef = 409920191B5FF06300D3951E /* CalculatorTests.swift */; };
/* End PBXBuildFile section */

/* Begin PBXContainerItemProxy section */
		409920141B5FF06300D3951E /* PBXContainerItemProxy */ = {
			isa = PBXContainerItemProxy;
			containerPortal = 40991FF61B5FF06300D3951E /* Project object */;
			proxyType = 1;
			remoteGlobalIDString = 40991FFD1B5FF06300D3951E;
			remoteInfo = Calculator;
		};
/* End PBXContainerItemProxy section */

/* Begin PBXFileReference section */
		40991FFE1B5FF06300D3951E /* Calculator.app */ = {isa = PBXFileReference; explicitFileType = wrapper.application; includeInIndex = 0; path = Calculator.app; sourceTree = BUILT_PRODUCTS_DIR; };
		409920021B5FF06300D3951E /* Info.plist */ = {isa = PBXFileReference; lastKnownFileType = text.plist.xml; path = Info.plist; sourceTree = "<group>"; };
		409920031B5FF06300D3951E /* AppDelegate.swift */ = {isa = PBXFileReference; lastKnownFileType = sourcecode.swift; path = AppDelegate.swift; sourceTree = "<group>"; };
		409920051B5FF06300D3951E /* ViewController.swift */ = {isa = PBXFileReference; lastKnownFileType = sourcecode.swift; path = ViewController.swift; sourceTree = "<group>"; };
		409920081B5FF06300D3951E /* Base */ = {isa = PBXFileReference; lastKnownFileType = file.storyboard; name = Base; path = Base.lproj/Main.storyboard; sourceTree = "<group>"; };
		4099200A1B5FF06300D3951E /* Images.xcassets */ = {isa = PBXFileReference; lastKnownFileType = folder.assetcatalog; path = Images.xcassets; sourceTree = "<group>"; };
		4099200D1B5FF06300D3951E /* Base */ = {isa = PBXFileReference; lastKnownFileType = file.xib; name = Base; path = Base.lproj/LaunchScreen.xib; sourceTree = "<group>"; };
		409920131B5FF06300D3951E /* CalculatorTests.xctest */ = {isa = PBXFileReference; explicitFileType = wrapper.cfbundle; includeInIndex = 0; path = CalculatorTests.xctest; sourceTree = BUILT_PRODUCTS_DIR; };
		409920181B5FF06300D3951E /* Info.plist */ = {isa = PBXFileReference; lastKnownFileType = text.plist.xml; path = Info.plist; sourceTree = "<group>"; };
		409920191B5FF06300D3951E /* CalculatorTests.swift */ = {isa = PBXFileReference; lastKnownFileType = sourcecode.swift; path = CalculatorTests.swift; sourceTree = "<group>"; };
/* End PBXFileReference section */

/* Begin PBXFrameworksBuildPhase section */
		40991FFB1B5FF06300D3951E /* Frameworks */ = {
			isa = PBXFrameworksBuildPhase;
			buildActionMask = 2147483647;
			files = (
			);
			runOnlyForDeploymentPostprocessing = 0;
		};
		409920101B5FF06300D3951E /* Frameworks */ = {
			isa = PBXFrameworksBuildPhase;
			buildActionMask = 2147483647;
			files = (
			);
			runOnlyForDeploymentPostprocessing = 0;
		};
/* End PBXFrameworksBuildPhase section */

/* Begin PBXGroup section */
		40991FF51B5FF06300D3951E = {
			isa = PBXGroup;
			children = (
				409920001B5FF06300D3951E /* Calculator */,
				409920161B5FF06300D3951E /* CalculatorTests */,
				40991FFF1B5FF06300D3951E /* Products */,
			);
			sourceTree = "<group>";
		};
		40991FFF1B5FF06300D3951E /* Products */ = {
			isa = PBXGroup;
			children = (
				40991FFE1B5FF06300D3951E /* Calculator.app */,
				409920131B5FF06300D3951E /* CalculatorTests.xctest */,
			);
			name = Products;
			sourceTree = "<group>";
		};
		409920001B5FF06300D3951E /* Calculator */ = {
			isa = PBXGroup;
			children = (
				409920031B5FF06300D3951E /* AppDelegate.swift */,
				409920051B5FF06300D3951E /* ViewController.swift */,
				409920071B5FF06300D3951E /* Main.storyboard */,
				4099200A1B5FF06300D3951E /* Images.xcassets */,
				4099200C1B5FF06300D3951E /* LaunchScreen.xib */,
				409920011B5FF06300D3951E /* Supporting Files */,
			);
			path = Calculator;
			sourceTree = "<group>";
		};
		409920011B5FF06300D3951E /* Supporting Files */ = {
			isa = PBXGroup;
			children = (
				409920021B5FF06300D3951E /* Info.plist */,
			);
			name = "Supporting Files";
			sourceTree = "<group>";
		};
		409920161B5FF06300D3951E /* CalculatorTests */ = {
			isa = PBXGroup;
			children = (
				409920191B5FF06300D3951E /* CalculatorTests.swift */,
				409920171B5FF06300D3951E /* Supporting Files */,
			);
			path = CalculatorTests;
			sourceTree = "<group>";
		};
		409920171B5FF06300D3951E /* Supporting Files */ = {
			isa = PBXGroup;
			children = (
				409920181B5FF06300D3951E /* Info.plist */,
			);
			name = "Supporting Files";
			sourceTree = "<group>";
		};
/* End PBXGroup section */

/* Begin PBXNativeTarget section */
		40991FFD1B5FF06300D3951E /* Calculator */ = {
			isa = PBXNativeTarget;
			buildConfigurationList = 4099201D1B5FF06300D3951E /* Build configuration list for PBXNativeTarget "Calculator" */;
			buildPhases = (
				40991FFA1B5FF06300D3951E /* Sources */,
				40991FFB1B5FF06300D3951E /* Frameworks */,
				40991FFC1B5FF06300D3951E /* Resources */,
			);
			buildRules = (
			);
			dependencies = (
			);
			name = Calculator;
			productName = Calculator;
			productReference = 40991FFE1B5FF06300D3951E /* Calculator.app */;
			productType = "com.apple.product-type.application";
		};
		409920121B5FF06300D3951E /* CalculatorTests */ = {
			isa = PBXNativeTarget;
			buildConfigurationList = 409920201B5FF06300D3951E /* Build configuration list for PBXNativeTarget "CalculatorTests" */;
			buildPhases = (
				4099200F1B5FF06300D3951E /* Sources */,
				409920101B5FF06300D3951E /* Frameworks */,
				409920111B5FF06300D3951E /* Resources */,
			);
			buildRules = (
			);
			dependencies = (
				409920151B5FF06300D3951E /* PBXTargetDependency */,
			);
			name = CalculatorTests;
			productName = CalculatorTests;
			productReference = 409920131B5FF06300D3951E /* CalculatorTests.xctest */;
			productType = "com.apple.product-type.bundle.unit-test";
		};
/* End PBXNativeTarget section */

/* Begin PBXProject section */
		40991FF61B5FF06300D3951E /* Project object */ = {
			isa = PBXProject;
			attributes = {
				LastUpgradeCheck = 0640;
				ORGANIZATIONNAME = OIT;
				TargetAttributes = {
					40991FFD1B5FF06300D3951E = {
						CreatedOnToolsVersion = 6.4;
					};
					409920121B5FF06300D3951E = {
						CreatedOnToolsVersion = 6.4;
						TestTargetID = 40991FFD1B5FF06300D3951E;
					};
				};
			};
			buildConfigurationList = 40991FF91B5FF06300D3951E /* Build configuration list for PBXProject "Calculator" */;
			compatibilityVersion = "Xcode 3.2";
			developmentRegion = English;
			hasScannedForEncodings = 0;
			knownRegions = (
				en,
				Base,
			);
			mainGroup = 40991FF51B5FF06300D3951E;
			productRefGroup = 40991FFF1B5FF06300D3951E /* Products */;
			projectDirPath = "";
			projectRoot = "";
			targets = (
				40991FFD1B5FF06300D3951E /* Calculator */,
				409920121B5FF06300D3951E /* CalculatorTests */,
			);
		};
/* End PBXProject section */

/* Begin PBXResourcesBuildPhase section */
		40991FFC1B5FF06300D3951E /* Resources */ = {
			isa = PBXResourcesBuildPhase;
			buildActionMask = 2147483647;
			files = (
				409920091B5FF06300D3951E /* Main.storyboard in Resources */,
				4099200E1B5FF06300D3951E /* LaunchScreen.xib in Resources */,
				4099200B1B5FF06300D3951E /* Images.xcassets in Resources */,
			);
			runOnlyForDeploymentPostprocessing = 0;
		};
		409920111B5FF06300D3951E /* Resources */ = {
			isa = PBXResourcesBuildPhase;
			buildActionMask = 2147483647;
			files = (
			);
			runOnlyForDeploymentPostprocessing = 0;
		};
/* End PBXResourcesBuildPhase section */

/* Begin PBXSourcesBuildPhase section */
		40991FFA1B5FF06300D3951E /* Sources */ = {
			isa = PBXSourcesBuildPhase;
			buildActionMask = 2147483647;
			files = (
				409920061B5FF06300D3951E /* ViewController.swift in Sources */,
				409920041B5FF06300D3951E /* AppDelegate.swift in Sources */,
			);
			runOnlyForDeploymentPostprocessing = 0;
		};
		4099200F1B5FF06300D3951E /* Sources */ = {
			isa = PBXSourcesBuildPhase;
			buildActionMask = 2147483647;
			files = (
				4099201A1B5FF06300D3951E /* CalculatorTests.swift in Sources */,
			);
			runOnlyForDeploymentPostprocessing = 0;
		};
/* End PBXSourcesBuildPhase section */

/* Begin PBXTargetDependency section */
		409920151B5FF06300D3951E /* PBXTargetDependency */ = {
			isa = PBXTargetDependency;
			target = 40991FFD1B5FF06300D3951E /* Calculator */;
			targetProxy = 409920141B5FF06300D3951E /* PBXContainerItemProxy */;
		};
/* End PBXTargetDependency section */

/* Begin PBXVariantGroup section */
		409920071B5FF06300D3951E /* Main.storyboard */ = {
			isa = PBXVariantGroup;
			children = (
				409920081B5FF06300D3951E /* Base */,
			);
			name = Main.storyboard;
			sourceTree = "<group>";
		};
		4099200C1B5FF06300D3951E /* LaunchScreen.xib */ = {
			isa = PBXVariantGroup;
			children = (
				4099200D1B5FF06300D3951E /* Base */,
			);
			name = LaunchScreen.xib;
			sourceTree = "<group>";
		};
/* End PBXVariantGroup section */

/* Begin XCBuildConfiguration section */
		4099201B1B5FF06300D3951E /* Debug */ = {
			isa = XCBuildConfiguration;
			buildSettings = {
				ALWAYS_SEARCH_USER_PATHS = NO;
				CLANG_CXX_LANGUAGE_STANDARD = "gnu++0x";
				CLANG_CXX_LIBRARY = "libc++";
				CLANG_ENABLE_MODULES = YES;
				CLANG_ENABLE_OBJC_ARC = YES;
				CLANG_WARN_BOOL_CONVERSION = YES;
				CLANG_WARN_CONSTANT_CONVERSION = YES;
				CLANG_WARN_DIRECT_OBJC_ISA_USAGE = YES_ERROR;
				CLANG_WARN_EMPTY_BODY = YES;
				CLANG_WARN_ENUM_CONVERSION = YES;
				CLANG_WARN_INT_CONVERSION = YES;
				CLANG_WARN_OBJC_ROOT_CLASS = YES_ERROR;
				CLANG_WARN_UNREACHABLE_CODE = YES;
				CLANG_WARN__DUPLICATE_METHOD_MATCH = YES;
				"CODE_SIGN_IDENTITY[sdk=iphoneos*]" = "iPhone Developer";
				COPY_PHASE_STRIP = NO;
				DEBUG_INFORMATION_FORMAT = "dwarf-with-dsym";
				ENABLE_STRICT_OBJC_MSGSEND = YES;
				GCC_C_LANGUAGE_STANDARD = gnu99;
				GCC_DYNAMIC_NO_PIC = NO;
				GCC_NO_COMMON_BLOCKS = YES;
				GCC_OPTIMIZATION_LEVEL = 0;
				GCC_PREPROCESSOR_DEFINITIONS = (
					"DEBUG=1",
					"$(inherited)",
				);
				GCC_SYMBOLS_PRIVATE_EXTERN = NO;
				GCC_WARN_64_TO_32_BIT_CONVERSION = YES;
				GCC_WARN_ABOUT_RETURN_TYPE = YES_ERROR;
				GCC_WARN_UNDECLARED_SELECTOR = YES;
				GCC_WARN_UNINITIALIZED_AUTOS = YES_AGGRESSIVE;
				GCC_WARN_UNUSED_FUNCTION = YES;
				GCC_WARN_UNUSED_VARIABLE = YES;
				IPHONEOS_DEPLOYMENT_TARGET = 8.4;
				MTL_ENABLE_DEBUG_INFO = YES;
				ONLY_ACTIVE_ARCH = YES;
				SDKROOT = iphoneos;
				SWIFT_OPTIMIZATION_LEVEL = "-Onone";
				TARGETED_DEVICE_FAMILY = "1,2";
			};
			name = Debug;
		};
		4099201C1B5FF06300D3951E /* Release */ = {
			isa = XCBuildConfiguration;
			buildSettings = {
				ALWAYS_SEARCH_USER_PATHS = NO;
				CLANG_CXX_LANGUAGE_STANDARD = "gnu++0x";
				CLANG_CXX_LIBRARY = "libc++";
				CLANG_ENABLE_MODULES = YES;
				CLANG_ENABLE_OBJC_ARC = YES;
				CLANG_WARN_BOOL_CONVERSION = YES;
				CLANG_WARN_CONSTANT_CONVERSION = YES;
				CLANG_WARN_DIRECT_OBJC_ISA_USAGE = YES_ERROR;
				CLANG_WARN_EMPTY_BODY = YES;
				CLANG_WARN_ENUM_CONVERSION = YES;
				CLANG_WARN_INT_CONVERSION = YES;
				CLANG_WARN_OBJC_ROOT_CLASS = YES_ERROR;
				CLANG_WARN_UNREACHABLE_CODE = YES;
				CLANG_WARN__DUPLICATE_METHOD_MATCH = YES;
				"CODE_SIGN_IDENTITY[sdk=iphoneos*]" = "iPhone Developer";
				COPY_PHASE_STRIP = NO;
				DEBUG_INFORMATION_FORMAT = "dwarf-with-dsym";
				ENABLE_NS_ASSERTIONS = NO;
				ENABLE_STRICT_OBJC_MSGSEND = YES;
				GCC_C_LANGUAGE_STANDARD = gnu99;
				GCC_NO_COMMON_BLOCKS = YES;
				GCC_WARN_64_TO_32_BIT_CONVERSION = YES;
				GCC_WARN_ABOUT_RETURN_TYPE = YES_ERROR;
				GCC_WARN_UNDECLARED_SELECTOR = YES;
				GCC_WARN_UNINITIALIZED_AUTOS = YES_AGGRESSIVE;
				GCC_WARN_UNUSED_FUNCTION = YES;
				GCC_WARN_UNUSED_VARIABLE = YES;
				IPHONEOS_DEPLOYMENT_TARGET = 8.4;
				MTL_ENABLE_DEBUG_INFO = NO;
				SDKROOT = iphoneos;
				TARGETED_DEVICE_FAMILY = "1,2";
				VALIDATE_PRODUCT = YES;
			};
			name = Release;
		};
		4099201E1B5FF06300D3951E /* Debug */ = {
			isa = XCBuildConfiguration;
			buildSettings = {
				ASSETCATALOG_COMPILER_APPICON_NAME = AppIcon;
				INFOPLIST_FILE = Calculator/Info.plist;
				LD_RUNPATH_SEARCH_PATHS = "$(inherited) @executable_path/Frameworks";
				PRODUCT_NAME = "$(TARGET_NAME)";
			};
			name = Debug;
		};
		4099201F1B5FF06300D3951E /* Release */ = {
			isa = XCBuildConfiguration;
			buildSettings = {
				ASSETCATALOG_COMPILER_APPICON_NAME = AppIcon;
				INFOPLIST_FILE = Calculator/Info.plist;
				LD_RUNPATH_SEARCH_PATHS = "$(inherited) @executable_path/Frameworks";
				PRODUCT_NAME = "$(TARGET_NAME)";
			};
			name = Release;
		};
		409920211B5FF06300D3951E /* Debug */ = {
			isa = XCBuildConfiguration;
			buildSettings = {
				BUNDLE_LOADER = "$(TEST_HOST)";
				FRAMEWORK_SEARCH_PATHS = (
					"$(SDKROOT)/Developer/Library/Frameworks",
					"$(inherited)",
				);
				GCC_PREPROCESSOR_DEFINITIONS = (
					"DEBUG=1",
					"$(inherited)",
				);
				INFOPLIST_FILE = CalculatorTests/Info.plist;
				LD_RUNPATH_SEARCH_PATHS = "$(inherited) @executable_path/Frameworks @loader_path/Frameworks";
				PRODUCT_NAME = "$(TARGET_NAME)";
				TEST_HOST = "$(BUILT_PRODUCTS_DIR)/Calculator.app/Calculator";
			};
			name = Debug;
		};
		409920221B5FF06300D3951E /* Release */ = {
			isa = XCBuildConfiguration;
			buildSettings = {
				BUNDLE_LOADER = "$(TEST_HOST)";
				FRAMEWORK_SEARCH_PATHS = (
					"$(SDKROOT)/Developer/Library/Frameworks",
					"$(inherited)",
				);
				INFOPLIST_FILE = CalculatorTests/Info.plist;
				LD_RUNPATH_SEARCH_PATHS = "$(inherited) @executable_path/Frameworks @loader_path/Frameworks";
				PRODUCT_NAME = "$(TARGET_NAME)";
				TEST_HOST = "$(BUILT_PRODUCTS_DIR)/Calculator.app/Calculator";
			};
			name = Release;
		};
/* End XCBuildConfiguration section */

/* Begin XCConfigurationList section */
		40991FF91B5FF06300D3951E /* Build configuration list for PBXProject "Calculator" */ = {
			isa = XCConfigurationList;
			buildConfigurations = (
				4099201B1B5FF06300D3951E /* Debug */,
				4099201C1B5FF06300D3951E /* Release */,
			);
			defaultConfigurationIsVisible = 0;
			defaultConfigurationName = Release;
		};
		4099201D1B5FF06300D3951E /* Build configuration list for PBXNativeTarget "Calculator" */ = {
			isa = XCConfigurationList;
			buildConfigurations = (
				4099201E1B5FF06300D3951E /* Debug */,
				4099201F1B5FF06300D3951E /* Release */,
			);
			defaultConfigurationIsVisible = 0;
		};
		409920201B5FF06300D3951E /* Build configuration list for PBXNativeTarget "CalculatorTests" */ = {
			isa = XCConfigurationList;
			buildConfigurations = (
				409920211B5FF06300D3951E /* Debug */,
				409920221B5FF06300D3951E /* Release */,
			);
			defaultConfigurationIsVisible = 0;
		};
/* End XCConfigurationList section */
	};
	rootObject = 40991FF61B5FF06300D3951E /* Project object */;
}
